
Microsoft Visual Studio Solution File, Format Version 12.00
# Visual Studio Version 17
VisualStudioVersion = 17.5.33424.131
MinimumVisualStudioVersion = 10.0.40219.1
Project("{FAE04EC0-301F-11D3-BF4B-00C04F79EFBC}") = "RorckPaperScissors", "RorckPaperScissors.csproj", "{DDD970D9-98FF-470F-93E8-68E5F844922B}"
EndProject
Global
	GlobalSection(SolutionConfigurationPlatforms) = preSolution
		Debug|Any CPU = Debug|Any CPU
		Release|Any CPU = Release|Any CPU
	EndGlobalSection
	GlobalSection(ProjectConfigurationPlatforms) = postSolution
		{DDD970D9-98FF-470F-93E8-68E5F844922B}.Debug|Any CPU.ActiveCfg = Debug|Any CPU
		{DDD970D9-98FF-470F-93E8-68E5F844922B}.Debug|Any CPU.Build.0 = Debug|Any CPU
		{DDD970D9-98FF-470F-93E8-68E5F844922B}.Release|Any CPU.ActiveCfg = Release|Any CPU
		{DDD970D9-98FF-470F-93E8-68E5F844922B}.Release|Any CPU.Build.0 = Release|Any CPU
	EndGlobalSection
	GlobalSection(SolutionProperties) = preSolution
		HideSolutionNode = FALSE
	EndGlobalSection
	GlobalSection(ExtensibilityGlobals) = postSolution
		SolutionGuid = {9D8ABC81-8F3F-4C42-AA0D-BBA26BB85DC9}
	EndGlobalSection
EndGlobal
